Microsoft Visual Studio Solution File, Format Version 12.00
# Visual Studio 2012
Project("{FAE04EC0-301F-11D3-BF4B-00C04F79EFBC}") = "PinballQuest", "PinballQuest.csproj", "{9521A293-AE8A-403B-B6EB-96C3B18D4DB1}"
EndProject
Global
	GlobalSection(SolutionConfigurationPlatforms) = preSolution
	Debug|Any CPU = Debug|Any CPU
	Release|Any CPU = Release|Any CPU
	Tools|Any CPU = Tools|Any CPU
	EndGlobalSection
	GlobalSection(ProjectConfigurationPlatforms) = postSolution
		{9521A293-AE8A-403B-B6EB-96C3B18D4DB1}.Debug|Any CPU.ActiveCfg = Debug|Any CPU
		{9521A293-AE8A-403B-B6EB-96C3B18D4DB1}.Debug|Any CPU.Build.0 = Debug|Any CPU
		{9521A293-AE8A-403B-B6EB-96C3B18D4DB1}.Release|Any CPU.ActiveCfg = Release|Any CPU
		{9521A293-AE8A-403B-B6EB-96C3B18D4DB1}.Release|Any CPU.Build.0 = Release|Any CPU
		{9521A293-AE8A-403B-B6EB-96C3B18D4DB1}.Tools|Any CPU.ActiveCfg = Tools|Any CPU
		{9521A293-AE8A-403B-B6EB-96C3B18D4DB1}.Tools|Any CPU.Build.0 = Tools|Any CPU
	EndGlobalSection
EndGlobal
